// !$*UTF8*$!
{
	archiveVersion = 1;
	classes = {
	};
	objectVersion = 51;
	objects = {

/* Begin PBXBuildFile section */
		68998416255BE563003C7D25 /* AppDelegate.swift in Sources */ = {isa = PBXBuildFile; fileRef = 68998415255BE563003C7D25 /* AppDelegate.swift */; };
		68998418255BE563003C7D25 /* SceneDelegate.swift in Sources */ = {isa = PBXBuildFile; fileRef = 68998417255BE563003C7D25 /* SceneDelegate.swift */; };
		6899841A255BE563003C7D25 /* ViewController.swift in Sources */ = {isa = PBXBuildFile; fileRef = 68998419255BE563003C7D25 /* ViewController.swift */; };
		6899841D255BE563003C7D25 /* Main.storyboard in Resources */ = {isa = PBXBuildFile; fileRef = 6899841B255BE563003C7D25 /* Main.storyboard */; };
		6899841F255BE565003C7D25 /* Assets.xcassets in Resources */ = {isa = PBXBuildFile; fileRef = 6899841E255BE565003C7D25 /* Assets.xcassets */; };
		68998422255BE565003C7D25 /* LaunchScreen.storyboard in Resources */ = {isa = PBXBuildFile; fileRef = 68998420255BE565003C7D25 /* LaunchScreen.storyboard */; };
		68998438255C27C6003C7D25 /* Model.swift in Sources */ = {isa = PBXBuildFile; fileRef = 68998437255C27C6003C7D25 /* Model.swift */; };
		6899843F255C2EB8003C7D25 /* DataManager.swift in Sources */ = {isa = PBXBuildFile; fileRef = 6899843E255C2EB8003C7D25 /* DataManager.swift */; };
		EE5432B175CD3C55BCA0CED5 /* Pods_9thHW.framework in Frameworks */ = {isa = PBXBuildFile; fileRef = 275BAF17F8F35F9B8F3E9589 /* Pods_9thHW.framework */; };
/* End PBXBuildFile section */

/* Begin PBXFileReference section */
		275BAF17F8F35F9B8F3E9589 /* Pods_9thHW.framework */ = {isa = PBXFileReference; explicitFileType = wrapper.framework; includeInIndex = 0; path = Pods_9thHW.framework; sourceTree = BUILT_PRODUCTS_DIR; };
		68998412255BE563003C7D25 /* 9thHW.app */ = {isa = PBXFileReference; explicitFileType = wrapper.application; includeInIndex = 0; path = 9thHW.app; sourceTree = BUILT_PRODUCTS_DIR; };
		68998415255BE563003C7D25 /* AppDelegate.swift */ = {isa = PBXFileReference; lastKnownFileType = sourcecode.swift; path = AppDelegate.swift; sourceTree = "<group>"; };
		68998417255BE563003C7D25 /* SceneDelegate.swift */ = {isa = PBXFileReference; lastKnownFileType = sourcecode.swift; path = SceneDelegate.swift; sourceTree = "<group>"; };
		68998419255BE563003C7D25 /* ViewController.swift */ = {isa = PBXFileReference; lastKnownFileType = sourcecode.swift; path = ViewController.swift; sourceTree = "<group>"; };
		6899841C255BE563003C7D25 /* Base */ = {isa = PBXFileReference; lastKnownFileType = file.storyboard; name = Base; path = Base.lproj/Main.storyboard; sourceTree = "<group>"; };
		6899841E255BE565003C7D25 /* Assets.xcassets */ = {isa = PBXFileReference; lastKnownFileType = folder.assetcatalog; path = Assets.xcassets; sourceTree = "<group>"; };
		68998421255BE565003C7D25 /* Base */ = {isa = PBXFileReference; lastKnownFileType = file.storyboard; name = Base; path = Base.lproj/LaunchScreen.storyboard; sourceTree = "<group>"; };
		68998423255BE565003C7D25 /* Info.plist */ = {isa = PBXFileReference; lastKnownFileType = text.plist.xml; path = Info.plist; sourceTree = "<group>"; };
		68998437255C27C6003C7D25 /* Model.swift */ = {isa = PBXFileReference; lastKnownFileType = sourcecode.swift; path = Model.swift; sourceTree = "<group>"; };
		6899843E255C2EB8003C7D25 /* DataManager.swift */ = {isa = PBXFileReference; lastKnownFileType = sourcecode.swift; path = DataManager.swift; sourceTree = "<group>"; };
		8278CF04688609C5A0D4686E /* Pods-9thHW.debug.xcconfig */ = {isa = PBXFileReference; includeInIndex = 1; lastKnownFileType = text.xcconfig; name = "Pods-9thHW.debug.xcconfig"; path = "Target Support Files/Pods-9thHW/Pods-9thHW.debug.xcconfig"; sourceTree = "<group>"; };
		C76F274A732F3AE533AB6B38 /* Pods-9thHW.release.xcconfig */ = {isa = PBXFileReference; includeInIndex = 1; lastKnownFileType = text.xcconfig; name = "Pods-9thHW.release.xcconfig"; path = "Target Support Files/Pods-9thHW/Pods-9thHW.release.xcconfig"; sourceTree = "<group>"; };
/* End PBXFileReference section */

/* Begin PBXFrameworksBuildPhase section */
		6899840F255BE563003C7D25 /* Frameworks */ = {
			isa = PBXFrameworksBuildPhase;
			buildActionMask = 2147483647;
			files = (
				EE5432B175CD3C55BCA0CED5 /* Pods_9thHW.framework in Frameworks */,
			);
			runOnlyForDeploymentPostprocessing = 0;
		};
/* End PBXFrameworksBuildPhase section */

/* Begin PBXGroup section */
		68998409255BE563003C7D25 = {
			isa = PBXGroup;
			children = (
				68998414255BE563003C7D25 /* 9thHW */,
				68998413255BE563003C7D25 /* Products */,
				FC913520C6B0F7DCA8410C86 /* Pods */,
				B200325E778849CFABA12185 /* Frameworks */,
			);
			sourceTree = "<group>";
		};
		68998413255BE563003C7D25 /* Products */ = {
			isa = PBXGroup;
			children = (
				68998412255BE563003C7D25 /* 9thHW.app */,
			);
			name = Products;
			sourceTree = "<group>";
		};
		68998414255BE563003C7D25 /* 9thHW */ = {
			isa = PBXGroup;
			children = (
				68998415255BE563003C7D25 /* AppDelegate.swift */,
				68998417255BE563003C7D25 /* SceneDelegate.swift */,
				68998419255BE563003C7D25 /* ViewController.swift */,
				68998437255C27C6003C7D25 /* Model.swift */,
				6899843E255C2EB8003C7D25 /* DataManager.swift */,
				6899841B255BE563003C7D25 /* Main.storyboard */,
				6899841E255BE565003C7D25 /* Assets.xcassets */,
				68998420255BE565003C7D25 /* LaunchScreen.storyboard */,
				68998423255BE565003C7D25 /* Info.plist */,
			);
			path = 9thHW;
			sourceTree = "<group>";
		};
		B200325E778849CFABA12185 /* Frameworks */ = {
			isa = PBXGroup;
			children = (
				275BAF17F8F35F9B8F3E9589 /* Pods_9thHW.framework */,
			);
			name = Frameworks;
			sourceTree = "<group>";
		};
		FC913520C6B0F7DCA8410C86 /* Pods */ = {
			isa = PBXGroup;
			children = (
				8278CF04688609C5A0D4686E /* Pods-9thHW.debug.xcconfig */,
				C76F274A732F3AE533AB6B38 /* Pods-9thHW.release.xcconfig */,
			);
			path = Pods;
			sourceTree = "<group>";
		};
/* End PBXGroup section */

/* Begin PBXNativeTarget section */
		68998411255BE563003C7D25 /* 9thHW */ = {
			isa = PBXNativeTarget;
			buildConfigurationList = 68998426255BE565003C7D25 /* Build configuration list for PBXNativeTarget "9thHW" */;
			buildPhases = (
				627EB3E0DF40C2371699A061 /* [CP] Check Pods Manifest.lock */,
				6899840E255BE563003C7D25 /* Sources */,
				6899840F255BE563003C7D25 /* Frameworks */,
				68998410255BE563003C7D25 /* Resources */,
				CEC52AA332D7DDEEE0BF1C14 /* [CP] Embed Pods Frameworks */,
			);
			buildRules = (
			);
			dependencies = (
			);
			name = 9thHW;
			productName = 9thHW;
			productReference = 68998412255BE563003C7D25 /* 9thHW.app */;
			productType = "com.apple.product-type.application";
		};
/* End PBXNativeTarget section */

/* Begin PBXProject section */
		6899840A255BE563003C7D25 /* Project object */ = {
			isa = PBXProject;
			attributes = {
				LastSwiftUpdateCheck = 1210;
				LastUpgradeCheck = 1210;
				TargetAttributes = {
					68998411255BE563003C7D25 = {
						CreatedOnToolsVersion = 12.1;
					};
				};
			};
			buildConfigurationList = 6899840D255BE563003C7D25 /* Build configuration list for PBXProject "9thHW" */;
			compatibilityVersion = "Xcode 9.3";
			developmentRegion = en;
			hasScannedForEncodings = 0;
			knownRegions = (
				en,
				Base,
			);
			mainGroup = 68998409255BE563003C7D25;
			productRefGroup = 68998413255BE563003C7D25 /* Products */;
			projectDirPath = "";
			projectRoot = "";
			targets = (
				68998411255BE563003C7D25 /* 9thHW */,
			);
		};
/* End PBXProject section */

/* Begin PBXResourcesBuildPhase section */
		68998410255BE563003C7D25 /* Resources */ = {
			isa = PBXResourcesBuildPhase;
			buildActionMask = 2147483647;
			files = (
				68998422255BE565003C7D25 /* LaunchScreen.storyboard in Resources */,
				6899841F255BE565003C7D25 /* Assets.xcassets in Resources */,
				6899841D255BE563003C7D25 /* Main.storyboard in Resources */,
			);
			runOnlyForDeploymentPostprocessing = 0;
		};
/* End PBXResourcesBuildPhase section */

/* Begin PBXShellScriptBuildPhase section */
		627EB3E0DF40C2371699A061 /* [CP] Check Pods Manifest.lock */ = {
			isa = PBXShellScriptBuildPhase;
			buildActionMask = 2147483647;
			files = (
			);
			inputFileListPaths = (
			);
			inputPaths = (
				"${PODS_PODFILE_DIR_PATH}/Podfile.lock",
				"${PODS_ROOT}/Manifest.lock",
			);
			name = "[CP] Check Pods Manifest.lock";
			outputFileListPaths = (
			);
			outputPaths = (
				"$(DERIVED_FILE_DIR)/Pods-9thHW-checkManifestLockResult.txt",
			);
			runOnlyForDeploymentPostprocessing = 0;
			shellPath = /bin/sh;
			shellScript = "diff \"${PODS_PODFILE_DIR_PATH}/Podfile.lock\" \"${PODS_ROOT}/Manifest.lock\" > /dev/null\nif [ $? != 0 ] ; then\n    # print error to STDERR\n    echo \"error: The sandbox is not in sync with the Podfile.lock. Run 'pod install' or update your CocoaPods installation.\" >&2\n    exit 1\nfi\n# This output is used by Xcode 'outputs' to avoid re-running this script phase.\necho \"SUCCESS\" > \"${SCRIPT_OUTPUT_FILE_0}\"\n";
			showEnvVarsInLog = 0;
		};
		CEC52AA332D7DDEEE0BF1C14 /* [CP] Embed Pods Frameworks */ = {
			isa = PBXShellScriptBuildPhase;
			buildActionMask = 2147483647;
			files = (
			);
			inputFileListPaths = (
				"${PODS_ROOT}/Target Support Files/Pods-9thHW/Pods-9thHW-frameworks-${CONFIGURATION}-input-files.xcfilelist",
			);
			name = "[CP] Embed Pods Frameworks";
			outputFileListPaths = (
				"${PODS_ROOT}/Target Support Files/Pods-9thHW/Pods-9thHW-frameworks-${CONFIGURATION}-output-files.xcfilelist",
			);
			runOnlyForDeploymentPostprocessing = 0;
			shellPath = /bin/sh;
			shellScript = "\"${PODS_ROOT}/Target Support Files/Pods-9thHW/Pods-9thHW-frameworks.sh\"\n";
			showEnvVarsInLog = 0;
		};
/* End PBXShellScriptBuildPhase section */

/* Begin PBXSourcesBuildPhase section */
		6899840E255BE563003C7D25 /* Sources */ = {
			isa = PBXSourcesBuildPhase;
			buildActionMask = 2147483647;
			files = (
				68998438255C27C6003C7D25 /* Model.swift in Sources */,
				6899843F255C2EB8003C7D25 /* DataManager.swift in Sources */,
				6899841A255BE563003C7D25 /* ViewController.swift in Sources */,
				68998416255BE563003C7D25 /* AppDelegate.swift in Sources */,
				68998418255BE563003C7D25 /* SceneDelegate.swift in Sources */,
			);
			runOnlyForDeploymentPostprocessing = 0;
		};
/* End PBXSourcesBuildPhase section */

/* Begin PBXVariantGroup section */
		6899841B255BE563003C7D25 /* Main.storyboard */ = {
			isa = PBXVariantGroup;
			children = (
				6899841C255BE563003C7D25 /* Base */,
			);
			name = Main.storyboard;
			sourceTree = "<group>";
		};
		68998420255BE565003C7D25 /* LaunchScreen.storyboard */ = {
			isa = PBXVariantGroup;
			children = (
				68998421255BE565003C7D25 /* Base */,
			);
			name = LaunchScreen.storyboard;
			sourceTree = "<group>";
		};
/* End PBXVariantGroup section */

/* Begin XCBuildConfiguration section */
		68998424255BE565003C7D25 /* Debug */ = {
			isa = XCBuildConfiguration;
			buildSettings = {
				ALWAYS_SEARCH_USER_PATHS = NO;
				CLANG_ANALYZER_NONNULL = YES;
				CLANG_ANALYZER_NUMBER_OBJECT_CONVERSION = YES_AGGRESSIVE;
				CLANG_CXX_LANGUAGE_STANDARD = "gnu++14";
				CLANG_CXX_LIBRARY = "libc++";
				CLANG_ENABLE_MODULES = YES;
				CLANG_ENABLE_OBJC_ARC = YES;
				CLANG_ENABLE_OBJC_WEAK = YES;
				CLANG_WARN_BLOCK_CAPTURE_AUTORELEASING = YES;
				CLANG_WARN_BOOL_CONVERSION = YES;
				CLANG_WARN_COMMA = YES;
				CLANG_WARN_CONSTANT_CONVERSION = YES;
				CLANG_WARN_DEPRECATED_OBJC_IMPLEMENTATIONS = YES;
				CLANG_WARN_DIRECT_OBJC_ISA_USAGE = YES_ERROR;
				CLANG_WARN_DOCUMENTATION_COMMENTS = YES;
				CLANG_WARN_EMPTY_BODY = YES;
				CLANG_WARN_ENUM_CONVERSION = YES;
				CLANG_WARN_INFINITE_RECURSION = YES;
				CLANG_WARN_INT_CONVERSION = YES;
				CLANG_WARN_NON_LITERAL_NULL_CONVERSION = YES;
				CLANG_WARN_OBJC_IMPLICIT_RETAIN_SELF = YES;
				CLANG_WARN_OBJC_LITERAL_CONVERSION = YES;
				CLANG_WARN_OBJC_ROOT_CLASS = YES_ERROR;
				CLANG_WARN_QUOTED_INCLUDE_IN_FRAMEWORK_HEADER = YES;
				CLANG_WARN_RANGE_LOOP_ANALYSIS = YES;
				CLANG_WARN_STRICT_PROTOTYPES = YES;
				CLANG_WARN_SUSPICIOUS_MOVE = YES;
				CLANG_WARN_UNGUARDED_AVAILABILITY = YES_AGGRESSIVE;
				CLANG_WARN_UNREACHABLE_CODE = YES;
				CLANG_WARN__DUPLICATE_METHOD_MATCH = YES;
				COPY_PHASE_STRIP = NO;
				DEBUG_INFORMATION_FORMAT = dwarf;
				ENABLE_STRICT_OBJC_MSGSEND = YES;
				ENABLE_TESTABILITY = YES;
				GCC_C_LANGUAGE_STANDARD = gnu11;
				GCC_DYNAMIC_NO_PIC = NO;
				GCC_NO_COMMON_BLOCKS = YES;
				GCC_OPTIMIZATION_LEVEL = 0;
				GCC_PREPROCESSOR_DEFINITIONS = (
					"DEBUG=1",
					"$(inherited)",
				);
				GCC_WARN_64_TO_32_BIT_CONVERSION = YES;
				GCC_WARN_ABOUT_RETURN_TYPE = YES_ERROR;
				GCC_WARN_UNDECLARED_SELECTOR = YES;
				GCC_WARN_UNINITIALIZED_AUTOS = YES_AGGRESSIVE;
				GCC_WARN_UNUSED_FUNCTION = YES;
				GCC_WARN_UNUSED_VARIABLE = YES;
				IPHONEOS_DEPLOYMENT_TARGET = 14.1;
				MTL_ENABLE_DEBUG_INFO = INCLUDE_SOURCE;
				MTL_FAST_MATH = YES;
				ONLY_ACTIVE_ARCH = YES;
				SDKROOT = iphoneos;
				SWIFT_ACTIVE_COMPILATION_CONDITIONS = DEBUG;
				SWIFT_OPTIMIZATION_LEVEL = "-Onone";
			};
			name = Debug;
		};
		68998425255BE565003C7D25 /* Release */ = {
			isa = XCBuildConfiguration;
			buildSettings = {
				ALWAYS_SEARCH_USER_PATHS = NO;
				CLANG_ANALYZER_NONNULL = YES;
				CLANG_ANALYZER_NUMBER_OBJECT_CONVERSION = YES_AGGRESSIVE;
				CLANG_CXX_LANGUAGE_STANDARD = "gnu++14";
				CLANG_CXX_LIBRARY = "libc++";
				CLANG_ENABLE_MODULES = YES;
				CLANG_ENABLE_OBJC_ARC = YES;
				CLANG_ENABLE_OBJC_WEAK = YES;
				CLANG_WARN_BLOCK_CAPTURE_AUTORELEASING = YES;
				CLANG_WARN_BOOL_CONVERSION = YES;
				CLANG_WARN_COMMA = YES;
				CLANG_WARN_CONSTANT_CONVERSION = YES;
				CLANG_WARN_DEPRECATED_OBJC_IMPLEMENTATIONS = YES;
				CLANG_WARN_DIRECT_OBJC_ISA_USAGE = YES_ERROR;
				CLANG_WARN_DOCUMENTATION_COMMENTS = YES;
				CLANG_WARN_EMPTY_BODY = YES;
				CLANG_WARN_ENUM_CONVERSION = YES;
				CLANG_WARN_INFINITE_RECURSION = YES;
				CLANG_WARN_INT_CONVERSION = YES;
				CLANG_WARN_NON_LITERAL_NULL_CONVERSION = YES;
				CLANG_WARN_OBJC_IMPLICIT_RETAIN_SELF = YES;
				CLANG_WARN_OBJC_LITERAL_CONVERSION = YES;
				CLANG_WARN_OBJC_ROOT_CLASS = YES_ERROR;
				CLANG_WARN_QUOTED_INCLUDE_IN_FRAMEWORK_HEADER = YES;
				CLANG_WARN_RANGE_LOOP_ANALYSIS = YES;
				CLANG_WARN_STRICT_PROTOTYPES = YES;
				CLANG_WARN_SUSPICIOUS_MOVE = YES;
				CLANG_WARN_UNGUARDED_AVAILABILITY = YES_AGGRESSIVE;
				CLANG_WARN_UNREACHABLE_CODE = YES;
				CLANG_WARN__DUPLICATE_METHOD_MATCH = YES;
				COPY_PHASE_STRIP = NO;
				DEBUG_INFORMATION_FORMAT = "dwarf-with-dsym";
				ENABLE_NS_ASSERTIONS = NO;
				ENABLE_STRICT_OBJC_MSGSEND = YES;
				GCC_C_LANGUAGE_STANDARD = gnu11;
				GCC_NO_COMMON_BLOCKS = YES;
				GCC_WARN_64_TO_32_BIT_CONVERSION = YES;
				GCC_WARN_ABOUT_RETURN_TYPE = YES_ERROR;
				GCC_WARN_UNDECLARED_SELECTOR = YES;
				GCC_WARN_UNINITIALIZED_AUTOS = YES_AGGRESSIVE;
				GCC_WARN_UNUSED_FUNCTION = YES;
				GCC_WARN_UNUSED_VARIABLE = YES;
				IPHONEOS_DEPLOYMENT_TARGET = 14.1;
				MTL_ENABLE_DEBUG_INFO = NO;
				MTL_FAST_MATH = YES;
				SDKROOT = iphoneos;
				SWIFT_COMPILATION_MODE = wholemodule;
				SWIFT_OPTIMIZATION_LEVEL = "-O";
				VALIDATE_PRODUCT = YES;
			};
			name = Release;
		};
		68998427255BE565003C7D25 /* Debug */ = {
			isa = XCBuildConfiguration;
			baseConfigurationReference = 8278CF04688609C5A0D4686E /* Pods-9thHW.debug.xcconfig */;
			buildSettings = {
				ASSETCATALOG_COMPILER_APPICON_NAME = AppIcon;
				ASSETCATALOG_COMPILER_GLOBAL_ACCENT_COLOR_NAME = AccentColor;
				CODE_SIGN_STYLE = Automatic;
				DEVELOPMENT_TEAM = 7769A574Q6;
				INFOPLIST_FILE = 9thHW/Info.plist;
				LD_RUNPATH_SEARCH_PATHS = (
					"$(inherited)",
					"@executable_path/Frameworks",
				);
				PRODUCT_BUNDLE_IDENTIFIER = "test.-thHW";
				PRODUCT_NAME = "$(TARGET_NAME)";
				SWIFT_VERSION = 5.0;
				TARGETED_DEVICE_FAMILY = "1,2";
			};
			name = Debug;
		};
		68998428255BE565003C7D25 /* Release */ = {
			isa = XCBuildConfiguration;
			baseConfigurationReference = C76F274A732F3AE533AB6B38 /* Pods-9thHW.release.xcconfig */;
			buildSettings = {
				ASSETCATALOG_COMPILER_APPICON_NAME = AppIcon;
				ASSETCATALOG_COMPILER_GLOBAL_ACCENT_COLOR_NAME = AccentColor;
				CODE_SIGN_STYLE = Automatic;
				DEVELOPMENT_TEAM = 7769A574Q6;
				INFOPLIST_FILE = 9thHW/Info.plist;
				LD_RUNPATH_SEARCH_PATHS = (
					"$(inherited)",
					"@executable_path/Frameworks",
				);
				PRODUCT_BUNDLE_IDENTIFIER = "test.-thHW";
				PRODUCT_NAME = "$(TARGET_NAME)";
				SWIFT_VERSION = 5.0;
				TARGETED_DEVICE_FAMILY = "1,2";
			};
			name = Release;
		};
/* End XCBuildConfiguration section */

/* Begin XCConfigurationList section */
		6899840D255BE563003C7D25 /* Build configuration list for PBXProject "9thHW" */ = {
			isa = XCConfigurationList;
			buildConfigurations = (
				68998424255BE565003C7D25 /* Debug */,
				68998425255BE565003C7D25 /* Release */,
			);
			defaultConfigurationIsVisible = 0;
			defaultConfigurationName = Release;
		};
		68998426255BE565003C7D25 /* Build configuration list for PBXNativeTarget "9thHW" */ = {
			isa = XCConfigurationList;
			buildConfigurations = (
				68998427255BE565003C7D25 /* Debug */,
				68998428255BE565003C7D25 /* Release */,
			);
			defaultConfigurationIsVisible = 0;
			defaultConfigurationName = Release;
		};
/* End XCConfigurationList section */
	};
	rootObject = 6899840A255BE563003C7D25 /* Project object */;
}
